
Microsoft Visual Studio Solution File, Format Version 12.00
# Visual Studio Version 17
VisualStudioVersion = 17.8.34511.84
MinimumVisualStudioVersion = 10.0.40219.1
Project("{FAE04EC0-301F-11D3-BF4B-00C04F79EFBC}") = "SportskaOpremaIT322020", "SportskaOpremaIT322020\SportskaOpremaIT322020.csproj", "{03DE3F8E-FD9A-4ADD-944B-4E6733B052BF}"
EndProject
Global
	GlobalSection(SolutionConfigurationPlatforms) = preSolution
		Debug|Any CPU = Debug|Any CPU
		Release|Any CPU = Release|Any CPU
	EndGlobalSection
	GlobalSection(ProjectConfigurationPlatforms) = postSolution
		{03DE3F8E-FD9A-4ADD-944B-4E6733B052BF}.Debug|Any CPU.ActiveCfg = Debug|Any CPU
		{03DE3F8E-FD9A-4ADD-944B-4E6733B052BF}.Debug|Any CPU.Build.0 = Debug|Any CPU
		{03DE3F8E-FD9A-4ADD-944B-4E6733B052BF}.Release|Any CPU.ActiveCfg = Release|Any CPU
		{03DE3F8E-FD9A-4ADD-944B-4E6733B052BF}.Release|Any CPU.Build.0 = Release|Any CPU
	EndGlobalSection
	GlobalSection(SolutionProperties) = preSolution
		HideSolutionNode = FALSE
	EndGlobalSection
	GlobalSection(ExtensibilityGlobals) = postSolution
		SolutionGuid = {22D14474-11FB-4234-80A5-D08E99201DC4}
	EndGlobalSection
EndGlobal
