
Microsoft Visual Studio Solution File, Format Version 12.00
# Visual Studio Version 17
VisualStudioVersion = 17.8.34511.84
MinimumVisualStudioVersion = 10.0.40219.1
Project("{FAE04EC0-301F-11D3-BF4B-00C04F79EFBC}") = "SportskaOpremaIT32-2020", "SportskaOpremaIT32-2020\SportskaOpremaIT32-2020.csproj", "{0BFE8E5F-A69E-4D8E-A14E-2C9BE67A6841}"
EndProject
Global
	GlobalSection(SolutionConfigurationPlatforms) = preSolution
		Debug|Any CPU = Debug|Any CPU
		Release|Any CPU = Release|Any CPU
	EndGlobalSection
	GlobalSection(ProjectConfigurationPlatforms) = postSolution
		{0BFE8E5F-A69E-4D8E-A14E-2C9BE67A6841}.Debug|Any CPU.ActiveCfg = Debug|Any CPU
		{0BFE8E5F-A69E-4D8E-A14E-2C9BE67A6841}.Debug|Any CPU.Build.0 = Debug|Any CPU
		{0BFE8E5F-A69E-4D8E-A14E-2C9BE67A6841}.Release|Any CPU.ActiveCfg = Release|Any CPU
		{0BFE8E5F-A69E-4D8E-A14E-2C9BE67A6841}.Release|Any CPU.Build.0 = Release|Any CPU
	EndGlobalSection
	GlobalSection(SolutionProperties) = preSolution
		HideSolutionNode = FALSE
	EndGlobalSection
	GlobalSection(ExtensibilityGlobals) = postSolution
		SolutionGuid = {664884C4-1186-42EF-8107-8E05C95E2C10}
	EndGlobalSection
EndGlobal
